// !$*UTF8*$!
{
	archiveVersion = 1;
	classes = {
	};
	objectVersion = 46;
	objects = {

/* Begin PBXBuildFile section */
		2135010E1D5A6F430089722C /* AppDelegate.swift in Sources */ = {isa = PBXBuildFile; fileRef = 2135010D1D5A6F430089722C /* AppDelegate.swift */; };
		213501131D5A6F430089722C /* Main.storyboard in Resources */ = {isa = PBXBuildFile; fileRef = 213501111D5A6F430089722C /* Main.storyboard */; };
		213501151D5A6F430089722C /* Assets.xcassets in Resources */ = {isa = PBXBuildFile; fileRef = 213501141D5A6F430089722C /* Assets.xcassets */; };
		213501181D5A6F430089722C /* LaunchScreen.storyboard in Resources */ = {isa = PBXBuildFile; fileRef = 213501161D5A6F430089722C /* LaunchScreen.storyboard */; };
		213501241D5A7C990089722C /* ProfileTableViewController.swift in Sources */ = {isa = PBXBuildFile; fileRef = 213501231D5A7C990089722C /* ProfileTableViewController.swift */; };
		213501261D5A7CF20089722C /* Message.swift in Sources */ = {isa = PBXBuildFile; fileRef = 213501251D5A7CF20089722C /* Message.swift */; };
		213501281D5A7DAE0089722C /* User.swift in Sources */ = {isa = PBXBuildFile; fileRef = 213501271D5A7DAE0089722C /* User.swift */; };
		2135012A1D5A7FC90089722C /* CloudKitManager.swift in Sources */ = {isa = PBXBuildFile; fileRef = 213501291D5A7FC90089722C /* CloudKitManager.swift */; };
		2135012C1D5A810F0089722C /* UserController.swift in Sources */ = {isa = PBXBuildFile; fileRef = 2135012B1D5A810F0089722C /* UserController.swift */; };
		213501301D5A8A0A0089722C /* Thread.swift in Sources */ = {isa = PBXBuildFile; fileRef = 2135012F1D5A8A0A0089722C /* Thread.swift */; };
		213501341D5A947A0089722C /* ThreadController.swift in Sources */ = {isa = PBXBuildFile; fileRef = 213501331D5A947A0089722C /* ThreadController.swift */; };
		213501391D5A96B80089722C /* ThreadListTableViewController.swift in Sources */ = {isa = PBXBuildFile; fileRef = 213501381D5A96B80089722C /* ThreadListTableViewController.swift */; };
		2135013D1D5BC6070089722C /* LoginViewController.swift in Sources */ = {isa = PBXBuildFile; fileRef = 2135013C1D5BC6070089722C /* LoginViewController.swift */; };
		213501401D5BC86E0089722C /* CloudKit.framework in Frameworks */ = {isa = PBXBuildFile; fileRef = 2135013F1D5BC86E0089722C /* CloudKit.framework */; };
		213501421D5CEBD20089722C /* MessagesTableViewController.swift in Sources */ = {isa = PBXBuildFile; fileRef = 213501411D5CEBD20089722C /* MessagesTableViewController.swift */; };
/* End PBXBuildFile section */

/* Begin PBXFileReference section */
		2135010A1D5A6F430089722C /* Chat.app */ = {isa = PBXFileReference; explicitFileType = wrapper.application; includeInIndex = 0; path = Chat.app; sourceTree = BUILT_PRODUCTS_DIR; };
		2135010D1D5A6F430089722C /* AppDelegate.swift */ = {isa = PBXFileReference; lastKnownFileType = sourcecode.swift; path = AppDelegate.swift; sourceTree = "<group>"; };
		213501121D5A6F430089722C /* Base */ = {isa = PBXFileReference; lastKnownFileType = file.storyboard; name = Base; path = Base.lproj/Main.storyboard; sourceTree = "<group>"; };
		213501141D5A6F430089722C /* Assets.xcassets */ = {isa = PBXFileReference; lastKnownFileType = folder.assetcatalog; path = Assets.xcassets; sourceTree = "<group>"; };
		213501171D5A6F430089722C /* Base */ = {isa = PBXFileReference; lastKnownFileType = file.storyboard; name = Base; path = Base.lproj/LaunchScreen.storyboard; sourceTree = "<group>"; };
		213501191D5A6F430089722C /* Info.plist */ = {isa = PBXFileReference; lastKnownFileType = text.plist.xml; path = Info.plist; sourceTree = "<group>"; };
		213501231D5A7C990089722C /* ProfileTableViewController.swift */ = {isa = PBXFileReference; fileEncoding = 4; lastKnownFileType = sourcecode.swift; path = ProfileTableViewController.swift; sourceTree = "<group>"; };
		213501251D5A7CF20089722C /* Message.swift */ = {isa = PBXFileReference; fileEncoding = 4; lastKnownFileType = sourcecode.swift; path = Message.swift; sourceTree = "<group>"; };
		213501271D5A7DAE0089722C /* User.swift */ = {isa = PBXFileReference; fileEncoding = 4; lastKnownFileType = sourcecode.swift; path = User.swift; sourceTree = "<group>"; };
		213501291D5A7FC90089722C /* CloudKitManager.swift */ = {isa = PBXFileReference; fileEncoding = 4; lastKnownFileType = sourcecode.swift; path = CloudKitManager.swift; sourceTree = "<group>"; };
		2135012B1D5A810F0089722C /* UserController.swift */ = {isa = PBXFileReference; fileEncoding = 4; lastKnownFileType = sourcecode.swift; path = UserController.swift; sourceTree = "<group>"; };
		2135012F1D5A8A0A0089722C /* Thread.swift */ = {isa = PBXFileReference; fileEncoding = 4; lastKnownFileType = sourcecode.swift; name = Thread.swift; path = ../Thread.swift; sourceTree = "<group>"; };
		213501331D5A947A0089722C /* ThreadController.swift */ = {isa = PBXFileReference; fileEncoding = 4; lastKnownFileType = sourcecode.swift; path = ThreadController.swift; sourceTree = "<group>"; };
		213501381D5A96B80089722C /* ThreadListTableViewController.swift */ = {isa = PBXFileReference; fileEncoding = 4; lastKnownFileType = sourcecode.swift; name = ThreadListTableViewController.swift; path = ../ThreadListTableViewController.swift; sourceTree = "<group>"; };
		2135013C1D5BC6070089722C /* LoginViewController.swift */ = {isa = PBXFileReference; fileEncoding = 4; lastKnownFileType = sourcecode.swift; path = LoginViewController.swift; sourceTree = "<group>"; };
		2135013E1D5BC8640089722C /* Chat.entitlements */ = {isa = PBXFileReference; lastKnownFileType = text.xml; path = Chat.entitlements; sourceTree = "<group>"; };
		2135013F1D5BC86E0089722C /* CloudKit.framework */ = {isa = PBXFileReference; lastKnownFileType = wrapper.framework; name = CloudKit.framework; path = System/Library/Frameworks/CloudKit.framework; sourceTree = SDKROOT; };
		213501411D5CEBD20089722C /* MessagesTableViewController.swift */ = {isa = PBXFileReference; fileEncoding = 4; lastKnownFileType = sourcecode.swift; name = MessagesTableViewController.swift; path = ../MessagesTableViewController.swift; sourceTree = "<group>"; };
/* End PBXFileReference section */

/* Begin PBXFrameworksBuildPhase section */
		213501071D5A6F430089722C /* Frameworks */ = {
			isa = PBXFrameworksBuildPhase;
			buildActionMask = 2147483647;
			files = (
				213501401D5BC86E0089722C /* CloudKit.framework in Frameworks */,
			);
			runOnlyForDeploymentPostprocessing = 0;
		};
/* End PBXFrameworksBuildPhase section */

/* Begin PBXGroup section */
		213501011D5A6F430089722C = {
			isa = PBXGroup;
			children = (
				2135013F1D5BC86E0089722C /* CloudKit.framework */,
				2135010C1D5A6F430089722C /* Chat */,
				2135010B1D5A6F430089722C /* Products */,
			);
			sourceTree = "<group>";
		};
		2135010B1D5A6F430089722C /* Products */ = {
			isa = PBXGroup;
			children = (
				2135010A1D5A6F430089722C /* Chat.app */,
			);
			name = Products;
			sourceTree = "<group>";
		};
		2135010C1D5A6F430089722C /* Chat */ = {
			isa = PBXGroup;
			children = (
				2135013E1D5BC8640089722C /* Chat.entitlements */,
				2135010D1D5A6F430089722C /* AppDelegate.swift */,
				213501351D5A96280089722C /* Model */,
				213501361D5A963D0089722C /* ModelController */,
				213501371D5A965C0089722C /* ViewController */,
				213501111D5A6F430089722C /* Main.storyboard */,
				213501141D5A6F430089722C /* Assets.xcassets */,
				213501161D5A6F430089722C /* LaunchScreen.storyboard */,
				213501191D5A6F430089722C /* Info.plist */,
			);
			path = Chat;
			sourceTree = "<group>";
		};
		213501351D5A96280089722C /* Model */ = {
			isa = PBXGroup;
			children = (
				213501251D5A7CF20089722C /* Message.swift */,
				2135012F1D5A8A0A0089722C /* Thread.swift */,
				213501271D5A7DAE0089722C /* User.swift */,
			);
			name = Model;
			sourceTree = "<group>";
		};
		213501361D5A963D0089722C /* ModelController */ = {
			isa = PBXGroup;
			children = (
				2135012B1D5A810F0089722C /* UserController.swift */,
				213501331D5A947A0089722C /* ThreadController.swift */,
				213501291D5A7FC90089722C /* CloudKitManager.swift */,
			);
			name = ModelController;
			sourceTree = "<group>";
		};
		213501371D5A965C0089722C /* ViewController */ = {
			isa = PBXGroup;
			children = (
				213501411D5CEBD20089722C /* MessagesTableViewController.swift */,
				213501381D5A96B80089722C /* ThreadListTableViewController.swift */,
				2135013C1D5BC6070089722C /* LoginViewController.swift */,
				213501231D5A7C990089722C /* ProfileTableViewController.swift */,
			);
			name = ViewController;
			sourceTree = "<group>";
		};
/* End PBXGroup section */

/* Begin PBXNativeTarget section */
		213501091D5A6F430089722C /* Chat */ = {
			isa = PBXNativeTarget;
			buildConfigurationList = 2135011C1D5A6F430089722C /* Build configuration list for PBXNativeTarget "Chat" */;
			buildPhases = (
				213501061D5A6F430089722C /* Sources */,
				213501071D5A6F430089722C /* Frameworks */,
				213501081D5A6F430089722C /* Resources */,
			);
			buildRules = (
			);
			dependencies = (
			);
			name = Chat;
			productName = Chat;
			productReference = 2135010A1D5A6F430089722C /* Chat.app */;
			productType = "com.apple.product-type.application";
		};
/* End PBXNativeTarget section */

/* Begin PBXProject section */
		213501021D5A6F430089722C /* Project object */ = {
			isa = PBXProject;
			attributes = {
				LastSwiftUpdateCheck = 0730;
				LastUpgradeCheck = 0730;
				ORGANIZATIONNAME = PatrickRidd;
				TargetAttributes = {
					213501091D5A6F430089722C = {
						CreatedOnToolsVersion = 7.3;
						DevelopmentTeam = CVQEUYD92N;
						SystemCapabilities = {
							com.apple.iCloud = {
								enabled = 1;
							};
						};
					};
				};
			};
			buildConfigurationList = 213501051D5A6F430089722C /* Build configuration list for PBXProject "Chat" */;
			compatibilityVersion = "Xcode 3.2";
			developmentRegion = English;
			hasScannedForEncodings = 0;
			knownRegions = (
				en,
				Base,
			);
			mainGroup = 213501011D5A6F430089722C;
			productRefGroup = 2135010B1D5A6F430089722C /* Products */;
			projectDirPath = "";
			projectRoot = "";
			targets = (
				213501091D5A6F430089722C /* Chat */,
			);
		};
/* End PBXProject section */

/* Begin PBXResourcesBuildPhase section */
		213501081D5A6F430089722C /* Resources */ = {
			isa = PBXResourcesBuildPhase;
			buildActionMask = 2147483647;
			files = (
				213501181D5A6F430089722C /* LaunchScreen.storyboard in Resources */,
				213501151D5A6F430089722C /* Assets.xcassets in Resources */,
				213501131D5A6F430089722C /* Main.storyboard in Resources */,
			);
			runOnlyForDeploymentPostprocessing = 0;
		};
/* End PBXResourcesBuildPhase section */

/* Begin PBXSourcesBuildPhase section */
		213501061D5A6F430089722C /* Sources */ = {
			isa = PBXSourcesBuildPhase;
			buildActionMask = 2147483647;
			files = (
				2135012C1D5A810F0089722C /* UserController.swift in Sources */,
				213501281D5A7DAE0089722C /* User.swift in Sources */,
				213501261D5A7CF20089722C /* Message.swift in Sources */,
				213501421D5CEBD20089722C /* MessagesTableViewController.swift in Sources */,
				213501391D5A96B80089722C /* ThreadListTableViewController.swift in Sources */,
				213501341D5A947A0089722C /* ThreadController.swift in Sources */,
				2135012A1D5A7FC90089722C /* CloudKitManager.swift in Sources */,
				213501241D5A7C990089722C /* ProfileTableViewController.swift in Sources */,
				213501301D5A8A0A0089722C /* Thread.swift in Sources */,
				2135010E1D5A6F430089722C /* AppDelegate.swift in Sources */,
				2135013D1D5BC6070089722C /* LoginViewController.swift in Sources */,
			);
			runOnlyForDeploymentPostprocessing = 0;
		};
/* End PBXSourcesBuildPhase section */

/* Begin PBXVariantGroup section */
		213501111D5A6F430089722C /* Main.storyboard */ = {
			isa = PBXVariantGroup;
			children = (
				213501121D5A6F430089722C /* Base */,
			);
			name = Main.storyboard;
			sourceTree = "<group>";
		};
		213501161D5A6F430089722C /* LaunchScreen.storyboard */ = {
			isa = PBXVariantGroup;
			children = (
				213501171D5A6F430089722C /* Base */,
			);
			name = LaunchScreen.storyboard;
			sourceTree = "<group>";
		};
/* End PBXVariantGroup section */

/* Begin XCBuildConfiguration section */
		2135011A1D5A6F430089722C /* Debug */ = {
			isa = XCBuildConfiguration;
			buildSettings = {
				ALWAYS_SEARCH_USER_PATHS = NO;
				CLANG_ANALYZER_NONNULL = YES;
				CLANG_CXX_LANGUAGE_STANDARD = "gnu++0x";
				CLANG_CXX_LIBRARY = "libc++";
				CLANG_ENABLE_MODULES = YES;
				CLANG_ENABLE_OBJC_ARC = YES;
				CLANG_WARN_BOOL_CONVERSION = YES;
				CLANG_WARN_CONSTANT_CONVERSION = YES;
				CLANG_WARN_DIRECT_OBJC_ISA_USAGE = YES_ERROR;
				CLANG_WARN_EMPTY_BODY = YES;
				CLANG_WARN_ENUM_CONVERSION = YES;
				CLANG_WARN_INT_CONVERSION = YES;
				CLANG_WARN_OBJC_ROOT_CLASS = YES_ERROR;
				CLANG_WARN_UNREACHABLE_CODE = YES;
				CLANG_WARN__DUPLICATE_METHOD_MATCH = YES;
				"CODE_SIGN_IDENTITY[sdk=iphoneos*]" = "iPhone Developer";
				COPY_PHASE_STRIP = NO;
				DEBUG_INFORMATION_FORMAT = dwarf;
				ENABLE_STRICT_OBJC_MSGSEND = YES;
				ENABLE_TESTABILITY = YES;
				GCC_C_LANGUAGE_STANDARD = gnu99;
				GCC_DYNAMIC_NO_PIC = NO;
				GCC_NO_COMMON_BLOCKS = YES;
				GCC_OPTIMIZATION_LEVEL = 0;
				GCC_PREPROCESSOR_DEFINITIONS = (
					"DEBUG=1",
					"$(inherited)",
				);
				GCC_WARN_64_TO_32_BIT_CONVERSION = YES;
				GCC_WARN_ABOUT_RETURN_TYPE = YES_ERROR;
				GCC_WARN_UNDECLARED_SELECTOR = YES;
				GCC_WARN_UNINITIALIZED_AUTOS = YES_AGGRESSIVE;
				GCC_WARN_UNUSED_FUNCTION = YES;
				GCC_WARN_UNUSED_VARIABLE = YES;
				IPHONEOS_DEPLOYMENT_TARGET = 9.3;
				MTL_ENABLE_DEBUG_INFO = YES;
				ONLY_ACTIVE_ARCH = YES;
				SDKROOT = iphoneos;
				SWIFT_OPTIMIZATION_LEVEL = "-Onone";
			};
			name = Debug;
		};
		2135011B1D5A6F430089722C /* Release */ = {
			isa = XCBuildConfiguration;
			buildSettings = {
				ALWAYS_SEARCH_USER_PATHS = NO;
				CLANG_ANALYZER_NONNULL = YES;
				CLANG_CXX_LANGUAGE_STANDARD = "gnu++0x";
				CLANG_CXX_LIBRARY = "libc++";
				CLANG_ENABLE_MODULES = YES;
				CLANG_ENABLE_OBJC_ARC = YES;
				CLANG_WARN_BOOL_CONVERSION = YES;
				CLANG_WARN_CONSTANT_CONVERSION = YES;
				CLANG_WARN_DIRECT_OBJC_ISA_USAGE = YES_ERROR;
				CLANG_WARN_EMPTY_BODY = YES;
				CLANG_WARN_ENUM_CONVERSION = YES;
				CLANG_WARN_INT_CONVERSION = YES;
				CLANG_WARN_OBJC_ROOT_CLASS = YES_ERROR;
				CLANG_WARN_UNREACHABLE_CODE = YES;
				CLANG_WARN__DUPLICATE_METHOD_MATCH = YES;
				"CODE_SIGN_IDENTITY[sdk=iphoneos*]" = "iPhone Developer";
				COPY_PHASE_STRIP = NO;
				DEBUG_INFORMATION_FORMAT = "dwarf-with-dsym";
				ENABLE_NS_ASSERTIONS = NO;
				ENABLE_STRICT_OBJC_MSGSEND = YES;
				GCC_C_LANGUAGE_STANDARD = gnu99;
				GCC_NO_COMMON_BLOCKS = YES;
				GCC_WARN_64_TO_32_BIT_CONVERSION = YES;
				GCC_WARN_ABOUT_RETURN_TYPE = YES_ERROR;
				GCC_WARN_UNDECLARED_SELECTOR = YES;
				GCC_WARN_UNINITIALIZED_AUTOS = YES_AGGRESSIVE;
				GCC_WARN_UNUSED_FUNCTION = YES;
				GCC_WARN_UNUSED_VARIABLE = YES;
				IPHONEOS_DEPLOYMENT_TARGET = 9.3;
				MTL_ENABLE_DEBUG_INFO = NO;
				SDKROOT = iphoneos;
				VALIDATE_PRODUCT = YES;
			};
			name = Release;
		};
		2135011D1D5A6F430089722C /* Debug */ = {
			isa = XCBuildConfiguration;
			buildSettings = {
				ASSETCATALOG_COMPILER_APPICON_NAME = AppIcon;
				CODE_SIGN_ENTITLEMENTS = Chat/Chat.entitlements;
				CODE_SIGN_IDENTITY = "iPhone Developer";
				INFOPLIST_FILE = Chat/Info.plist;
				LD_RUNPATH_SEARCH_PATHS = "$(inherited) @executable_path/Frameworks";
				PRODUCT_BUNDLE_IDENTIFIER = com.Chance.Chat;
				PRODUCT_NAME = "$(TARGET_NAME)";
			};
			name = Debug;
		};
		2135011E1D5A6F430089722C /* Release */ = {
			isa = XCBuildConfiguration;
			buildSettings = {
				ASSETCATALOG_COMPILER_APPICON_NAME = AppIcon;
				CODE_SIGN_ENTITLEMENTS = Chat/Chat.entitlements;
				CODE_SIGN_IDENTITY = "iPhone Developer";
				INFOPLIST_FILE = Chat/Info.plist;
				LD_RUNPATH_SEARCH_PATHS = "$(inherited) @executable_path/Frameworks";
				PRODUCT_BUNDLE_IDENTIFIER = com.Chance.Chat;
				PRODUCT_NAME = "$(TARGET_NAME)";
			};
			name = Release;
		};
/* End XCBuildConfiguration section */

/* Begin XCConfigurationList section */
		213501051D5A6F430089722C /* Build configuration list for PBXProject "Chat" */ = {
			isa = XCConfigurationList;
			buildConfigurations = (
				2135011A1D5A6F430089722C /* Debug */,
				2135011B1D5A6F430089722C /* Release */,
			);
			defaultConfigurationIsVisible = 0;
			defaultConfigurationName = Release;
		};
		2135011C1D5A6F430089722C /* Build configuration list for PBXNativeTarget "Chat" */ = {
			isa = XCConfigurationList;
			buildConfigurations = (
				2135011D1D5A6F430089722C /* Debug */,
				2135011E1D5A6F430089722C /* Release */,
			);
			defaultConfigurationIsVisible = 0;
		};
/* End XCConfigurationList section */
	};
	rootObject = 213501021D5A6F430089722C /* Project object */;
}
